Microsoft Visual Studio Solution File, Format Version 11.00
# Visual Studio 2008

Project("{12103D41-E31E-E5E2-4341-FD3CAE3C5024}") = "FBLA Map", "Assembly-CSharp-firstpass.csproj", "{ABA8BCDD-239A-889A-4379-F84924CD8744}"
EndProject
Project("{12103D41-E31E-E5E2-4341-FD3CAE3C5024}") = "FBLA Map", "Assembly-CSharp.csproj", "{8DC5FA1F-B458-D350-15AA-888D26ACE059}"
EndProject
Project("{12103D41-E31E-E5E2-4341-FD3CAE3C5024}") = "FBLA Map", "Assembly-CSharp-Editor.csproj", "{BC0ED27B-94F2-78C3-3824-1BF62B41610F}"
EndProject
Global
	GlobalSection(SolutionConfigurationPlatforms) = preSolution
		Debug|Any CPU = Debug|Any CPU
		Release|Any CPU = Release|Any CPU
	EndGlobalSection
	GlobalSection(ProjectConfigurationPlatforms) = postSolution
		{ABA8BCDD-239A-889A-4379-F84924CD8744}.Debug|Any CPU.ActiveCfg = Debug|Any CPU
		{ABA8BCDD-239A-889A-4379-F84924CD8744}.Debug|Any CPU.Build.0 = Debug|Any CPU
		{ABA8BCDD-239A-889A-4379-F84924CD8744}.Release|Any CPU.ActiveCfg = Release|Any CPU
		{ABA8BCDD-239A-889A-4379-F84924CD8744}.Release|Any CPU.Build.0 = Release|Any CPU
		{8DC5FA1F-B458-D350-15AA-888D26ACE059}.Debug|Any CPU.ActiveCfg = Debug|Any CPU
		{8DC5FA1F-B458-D350-15AA-888D26ACE059}.Debug|Any CPU.Build.0 = Debug|Any CPU
		{8DC5FA1F-B458-D350-15AA-888D26ACE059}.Release|Any CPU.ActiveCfg = Release|Any CPU
		{8DC5FA1F-B458-D350-15AA-888D26ACE059}.Release|Any CPU.Build.0 = Release|Any CPU
		{BC0ED27B-94F2-78C3-3824-1BF62B41610F}.Debug|Any CPU.ActiveCfg = Debug|Any CPU
		{BC0ED27B-94F2-78C3-3824-1BF62B41610F}.Debug|Any CPU.Build.0 = Debug|Any CPU
		{BC0ED27B-94F2-78C3-3824-1BF62B41610F}.Release|Any CPU.ActiveCfg = Release|Any CPU
		{BC0ED27B-94F2-78C3-3824-1BF62B41610F}.Release|Any CPU.Build.0 = Release|Any CPU
	EndGlobalSection
	GlobalSection(SolutionProperties) = preSolution
		HideSolutionNode = FALSE
	EndGlobalSection
												GlobalSection(MonoDevelopProperties) = preSolution
		StartupItem = Assembly-CSharp.csproj
	EndGlobalSection

EndGlobal
